// !$*UTF8*$!
{
	archiveVersion = 1;
	classes = {
	};
	objectVersion = 56;
	objects = {

/* Begin PBXBuildFile section */
		5A4515AF2C066384008494BF /* SafariView.swift in Sources */ = {isa = PBXBuildFile; fileRef = 5A4515AE2C066384008494BF /* SafariView.swift */; };
		5A4515B12C0668CC008494BF /* FramworkTitleView.swift in Sources */ = {isa = PBXBuildFile; fileRef = 5A4515B02C0668CC008494BF /* FramworkTitleView.swift */; };
		5A4515B32C066A73008494BF /* XDissmissButton.swift in Sources */ = {isa = PBXBuildFile; fileRef = 5A4515B22C066A73008494BF /* XDissmissButton.swift */; };
		5ACC5DCB2C0226A8008530EF /* Apple_frameworksApp.swift in Sources */ = {isa = PBXBuildFile; fileRef = 5ACC5DCA2C0226A8008530EF /* Apple_frameworksApp.swift */; };
		5ACC5DCF2C0226A9008530EF /* Assets.xcassets in Resources */ = {isa = PBXBuildFile; fileRef = 5ACC5DCE2C0226A9008530EF /* Assets.xcassets */; };
		5ACC5DD32C0226A9008530EF /* Preview Assets.xcassets in Resources */ = {isa = PBXBuildFile; fileRef = 5ACC5DD22C0226A9008530EF /* Preview Assets.xcassets */; };
		5ACC5DDA2C0228B8008530EF /* Framework.swift in Sources */ = {isa = PBXBuildFile; fileRef = 5ACC5DD92C0228B8008530EF /* Framework.swift */; };
		5ACC5DDC2C022A35008530EF /* FrameworkGridView.swift in Sources */ = {isa = PBXBuildFile; fileRef = 5ACC5DDB2C022A35008530EF /* FrameworkGridView.swift */; };
		5AD7525F2C052CAB0056DAE1 /* FrameworkDetailView.swift in Sources */ = {isa = PBXBuildFile; fileRef = 5AD7525E2C052CAB0056DAE1 /* FrameworkDetailView.swift */; };
		5AD752612C05613A0056DAE1 /* AFButton.swift in Sources */ = {isa = PBXBuildFile; fileRef = 5AD752602C05613A0056DAE1 /* AFButton.swift */; };
		5AD752632C0566A20056DAE1 /* FrameworkGridViewModel.swift in Sources */ = {isa = PBXBuildFile; fileRef = 5AD752622C0566A20056DAE1 /* FrameworkGridViewModel.swift */; };
/* End PBXBuildFile section */

/* Begin PBXFileReference section */
		5A4515AE2C066384008494BF /* SafariView.swift */ = {isa = PBXFileReference; lastKnownFileType = sourcecode.swift; path = SafariView.swift; sourceTree = "<group>"; };
		5A4515B02C0668CC008494BF /* FramworkTitleView.swift */ = {isa = PBXFileReference; lastKnownFileType = sourcecode.swift; path = FramworkTitleView.swift; sourceTree = "<group>"; };
		5A4515B22C066A73008494BF /* XDissmissButton.swift */ = {isa = PBXFileReference; lastKnownFileType = sourcecode.swift; path = XDissmissButton.swift; sourceTree = "<group>"; };
		5ACC5DC72C0226A8008530EF /* Apple-frameworks.app */ = {isa = PBXFileReference; explicitFileType = wrapper.application; includeInIndex = 0; path = "Apple-frameworks.app"; sourceTree = BUILT_PRODUCTS_DIR; };
		5ACC5DCA2C0226A8008530EF /* Apple_frameworksApp.swift */ = {isa = PBXFileReference; lastKnownFileType = sourcecode.swift; path = Apple_frameworksApp.swift; sourceTree = "<group>"; };
		5ACC5DCE2C0226A9008530EF /* Assets.xcassets */ = {isa = PBXFileReference; lastKnownFileType = folder.assetcatalog; path = Assets.xcassets; sourceTree = "<group>"; };
		5ACC5DD02C0226A9008530EF /* Apple_frameworks.entitlements */ = {isa = PBXFileReference; lastKnownFileType = text.plist.entitlements; path = Apple_frameworks.entitlements; sourceTree = "<group>"; };
		5ACC5DD22C0226A9008530EF /* Preview Assets.xcassets */ = {isa = PBXFileReference; lastKnownFileType = folder.assetcatalog; path = "Preview Assets.xcassets"; sourceTree = "<group>"; };
		5ACC5DD92C0228B8008530EF /* Framework.swift */ = {isa = PBXFileReference; lastKnownFileType = sourcecode.swift; path = Framework.swift; sourceTree = "<group>"; };
		5ACC5DDB2C022A35008530EF /* FrameworkGridView.swift */ = {isa = PBXFileReference; lastKnownFileType = sourcecode.swift; path = FrameworkGridView.swift; sourceTree = "<group>"; };
		5AD7525E2C052CAB0056DAE1 /* FrameworkDetailView.swift */ = {isa = PBXFileReference; lastKnownFileType = sourcecode.swift; path = FrameworkDetailView.swift; sourceTree = "<group>"; };
		5AD752602C05613A0056DAE1 /* AFButton.swift */ = {isa = PBXFileReference; lastKnownFileType = sourcecode.swift; path = AFButton.swift; sourceTree = "<group>"; };
		5AD752622C0566A20056DAE1 /* FrameworkGridViewModel.swift */ = {isa = PBXFileReference; lastKnownFileType = sourcecode.swift; path = FrameworkGridViewModel.swift; sourceTree = "<group>"; };
/* End PBXFileReference section */

/* Begin PBXFrameworksBuildPhase section */
		5ACC5DC42C0226A8008530EF /* Frameworks */ = {
			isa = PBXFrameworksBuildPhase;
			buildActionMask = 2147483647;
			files = (
			);
			runOnlyForDeploymentPostprocessing = 0;
		};
/* End PBXFrameworksBuildPhase section */

/* Begin PBXGroup section */
		5A4515B42C066BD8008494BF /* Screens */ = {
			isa = PBXGroup;
			children = (
				5A4515B52C066BE0008494BF /* FrameworkGridView */,
				5A4515B62C066C20008494BF /* FrameworkDetailView */,
			);
			path = Screens;
			sourceTree = "<group>";
		};
		5A4515B52C066BE0008494BF /* FrameworkGridView */ = {
			isa = PBXGroup;
			children = (
				5AD752622C0566A20056DAE1 /* FrameworkGridViewModel.swift */,
				5ACC5DDB2C022A35008530EF /* FrameworkGridView.swift */,
			);
			path = FrameworkGridView;
			sourceTree = "<group>";
		};
		5A4515B62C066C20008494BF /* FrameworkDetailView */ = {
			isa = PBXGroup;
			children = (
				5AD7525E2C052CAB0056DAE1 /* FrameworkDetailView.swift */,
			);
			path = FrameworkDetailView;
			sourceTree = "<group>";
		};
		5A4515B72C066C52008494BF /* Model */ = {
			isa = PBXGroup;
			children = (
				5ACC5DD92C0228B8008530EF /* Framework.swift */,
			);
			path = Model;
			sourceTree = "<group>";
		};
		5A4515B82C066C5F008494BF /* Views */ = {
			isa = PBXGroup;
			children = (
				5A4515B02C0668CC008494BF /* FramworkTitleView.swift */,
				5AD752602C05613A0056DAE1 /* AFButton.swift */,
				5A4515B22C066A73008494BF /* XDissmissButton.swift */,
			);
			path = Views;
			sourceTree = "<group>";
		};
		5A4515B92C066D09008494BF /* UIKit Components */ = {
			isa = PBXGroup;
			children = (
				5A4515AE2C066384008494BF /* SafariView.swift */,
			);
			path = "UIKit Components";
			sourceTree = "<group>";
		};
		5ACC5DBE2C0226A8008530EF = {
			isa = PBXGroup;
			children = (
				5ACC5DC92C0226A8008530EF /* Apple-frameworks */,
				5ACC5DC82C0226A8008530EF /* Products */,
			);
			sourceTree = "<group>";
		};
		5ACC5DC82C0226A8008530EF /* Products */ = {
			isa = PBXGroup;
			children = (
				5ACC5DC72C0226A8008530EF /* Apple-frameworks.app */,
			);
			name = Products;
			sourceTree = "<group>";
		};
		5ACC5DC92C0226A8008530EF /* Apple-frameworks */ = {
			isa = PBXGroup;
			children = (
				5A4515B92C066D09008494BF /* UIKit Components */,
				5A4515B82C066C5F008494BF /* Views */,
				5A4515B72C066C52008494BF /* Model */,
				5A4515B42C066BD8008494BF /* Screens */,
				5ACC5DCA2C0226A8008530EF /* Apple_frameworksApp.swift */,
				5ACC5DCE2C0226A9008530EF /* Assets.xcassets */,
				5ACC5DD02C0226A9008530EF /* Apple_frameworks.entitlements */,
				5ACC5DD12C0226A9008530EF /* Preview Content */,
			);
			path = "Apple-frameworks";
			sourceTree = "<group>";
		};
		5ACC5DD12C0226A9008530EF /* Preview Content */ = {
			isa = PBXGroup;
			children = (
				5ACC5DD22C0226A9008530EF /* Preview Assets.xcassets */,
			);
			path = "Preview Content";
			sourceTree = "<group>";
		};
/* End PBXGroup section */

/* Begin PBXNativeTarget section */
		5ACC5DC62C0226A8008530EF /* Apple-frameworks */ = {
			isa = PBXNativeTarget;
			buildConfigurationList = 5ACC5DD62C0226A9008530EF /* Build configuration list for PBXNativeTarget "Apple-frameworks" */;
			buildPhases = (
				5ACC5DC32C0226A8008530EF /* Sources */,
				5ACC5DC42C0226A8008530EF /* Frameworks */,
				5ACC5DC52C0226A8008530EF /* Resources */,
			);
			buildRules = (
			);
			dependencies = (
			);
			name = "Apple-frameworks";
			productName = "Apple-frameworks";
			productReference = 5ACC5DC72C0226A8008530EF /* Apple-frameworks.app */;
			productType = "com.apple.product-type.application";
		};
/* End PBXNativeTarget section */

/* Begin PBXProject section */
		5ACC5DBF2C0226A8008530EF /* Project object */ = {
			isa = PBXProject;
			attributes = {
				BuildIndependentTargetsInParallel = 1;
				LastSwiftUpdateCheck = 1540;
				LastUpgradeCheck = 1540;
				TargetAttributes = {
					5ACC5DC62C0226A8008530EF = {
						CreatedOnToolsVersion = 15.4;
					};
				};
			};
			buildConfigurationList = 5ACC5DC22C0226A8008530EF /* Build configuration list for PBXProject "Apple-frameworks" */;
			compatibilityVersion = "Xcode 14.0";
			developmentRegion = en;
			hasScannedForEncodings = 0;
			knownRegions = (
				en,
				Base,
			);
			mainGroup = 5ACC5DBE2C0226A8008530EF;
			productRefGroup = 5ACC5DC82C0226A8008530EF /* Products */;
			projectDirPath = "";
			projectRoot = "";
			targets = (
				5ACC5DC62C0226A8008530EF /* Apple-frameworks */,
			);
		};
/* End PBXProject section */

/* Begin PBXResourcesBuildPhase section */
		5ACC5DC52C0226A8008530EF /* Resources */ = {
			isa = PBXResourcesBuildPhase;
			buildActionMask = 2147483647;
			files = (
				5ACC5DD32C0226A9008530EF /* Preview Assets.xcassets in Resources */,
				5ACC5DCF2C0226A9008530EF /* Assets.xcassets in Resources */,
			);
			runOnlyForDeploymentPostprocessing = 0;
		};
/* End PBXResourcesBuildPhase section */

/* Begin PBXSourcesBuildPhase section */
		5ACC5DC32C0226A8008530EF /* Sources */ = {
			isa = PBXSourcesBuildPhase;
			buildActionMask = 2147483647;
			files = (
				5A4515B12C0668CC008494BF /* FramworkTitleView.swift in Sources */,
				5AD7525F2C052CAB0056DAE1 /* FrameworkDetailView.swift in Sources */,
				5ACC5DDC2C022A35008530EF /* FrameworkGridView.swift in Sources */,
				5A4515B32C066A73008494BF /* XDissmissButton.swift in Sources */,
				5ACC5DDA2C0228B8008530EF /* Framework.swift in Sources */,
				5AD752612C05613A0056DAE1 /* AFButton.swift in Sources */,
				5ACC5DCB2C0226A8008530EF /* Apple_frameworksApp.swift in Sources */,
				5AD752632C0566A20056DAE1 /* FrameworkGridViewModel.swift in Sources */,
				5A4515AF2C066384008494BF /* SafariView.swift in Sources */,
			);
			runOnlyForDeploymentPostprocessing = 0;
		};
/* End PBXSourcesBuildPhase section */

/* Begin XCBuildConfiguration section */
		5ACC5DD42C0226A9008530EF /* Debug */ = {
			isa = XCBuildConfiguration;
			buildSettings = {
				ALWAYS_SEARCH_USER_PATHS = NO;
				ASSETCATALOG_COMPILER_GENERATE_SWIFT_ASSET_SYMBOL_EXTENSIONS = YES;
				CLANG_ANALYZER_NONNULL = YES;
				CLANG_ANALYZER_NUMBER_OBJECT_CONVERSION = YES_AGGRESSIVE;
				CLANG_CXX_LANGUAGE_STANDARD = "gnu++20";
				CLANG_ENABLE_MODULES = YES;
				CLANG_ENABLE_OBJC_ARC = YES;
				CLANG_ENABLE_OBJC_WEAK = YES;
				CLANG_WARN_BLOCK_CAPTURE_AUTORELEASING = YES;
				CLANG_WARN_BOOL_CONVERSION = YES;
				CLANG_WARN_COMMA = YES;
				CLANG_WARN_CONSTANT_CONVERSION = YES;
				CLANG_WARN_DEPRECATED_OBJC_IMPLEMENTATIONS = YES;
				CLANG_WARN_DIRECT_OBJC_ISA_USAGE = YES_ERROR;
				CLANG_WARN_DOCUMENTATION_COMMENTS = YES;
				CLANG_WARN_EMPTY_BODY = YES;
				CLANG_WARN_ENUM_CONVERSION = YES;
				CLANG_WARN_INFINITE_RECURSION = YES;
				CLANG_WARN_INT_CONVERSION = YES;
				CLANG_WARN_NON_LITERAL_NULL_CONVERSION = YES;
				CLANG_WARN_OBJC_IMPLICIT_RETAIN_SELF = YES;
				CLANG_WARN_OBJC_LITERAL_CONVERSION = YES;
				CLANG_WARN_OBJC_ROOT_CLASS = YES_ERROR;
				CLANG_WARN_QUOTED_INCLUDE_IN_FRAMEWORK_HEADER = YES;
				CLANG_WARN_RANGE_LOOP_ANALYSIS = YES;
				CLANG_WARN_STRICT_PROTOTYPES = YES;
				CLANG_WARN_SUSPICIOUS_MOVE = YES;
				CLANG_WARN_UNGUARDED_AVAILABILITY = YES_AGGRESSIVE;
				CLANG_WARN_UNREACHABLE_CODE = YES;
				CLANG_WARN__DUPLICATE_METHOD_MATCH = YES;
				COPY_PHASE_STRIP = NO;
				DEBUG_INFORMATION_FORMAT = dwarf;
				ENABLE_STRICT_OBJC_MSGSEND = YES;
				ENABLE_TESTABILITY = YES;
				ENABLE_USER_SCRIPT_SANDBOXING = YES;
				GCC_C_LANGUAGE_STANDARD = gnu17;
				GCC_DYNAMIC_NO_PIC = NO;
				GCC_NO_COMMON_BLOCKS = YES;
				GCC_OPTIMIZATION_LEVEL = 0;
				GCC_PREPROCESSOR_DEFINITIONS = (
					"DEBUG=1",
					"$(inherited)",
				);
				GCC_WARN_64_TO_32_BIT_CONVERSION = YES;
				GCC_WARN_ABOUT_RETURN_TYPE = YES_ERROR;
				GCC_WARN_UNDECLARED_SELECTOR = YES;
				GCC_WARN_UNINITIALIZED_AUTOS = YES_AGGRESSIVE;
				GCC_WARN_UNUSED_FUNCTION = YES;
				GCC_WARN_UNUSED_VARIABLE = YES;
				LOCALIZATION_PREFERS_STRING_CATALOGS = YES;
				MTL_ENABLE_DEBUG_INFO = INCLUDE_SOURCE;
				MTL_FAST_MATH = YES;
				ONLY_ACTIVE_ARCH = YES;
				SWIFT_ACTIVE_COMPILATION_CONDITIONS = "DEBUG $(inherited)";
				SWIFT_OPTIMIZATION_LEVEL = "-Onone";
			};
			name = Debug;
		};
		5ACC5DD52C0226A9008530EF /* Release */ = {
			isa = XCBuildConfiguration;
			buildSettings = {
				ALWAYS_SEARCH_USER_PATHS = NO;
				ASSETCATALOG_COMPILER_GENERATE_SWIFT_ASSET_SYMBOL_EXTENSIONS = YES;
				CLANG_ANALYZER_NONNULL = YES;
				CLANG_ANALYZER_NUMBER_OBJECT_CONVERSION = YES_AGGRESSIVE;
				CLANG_CXX_LANGUAGE_STANDARD = "gnu++20";
				CLANG_ENABLE_MODULES = YES;
				CLANG_ENABLE_OBJC_ARC = YES;
				CLANG_ENABLE_OBJC_WEAK = YES;
				CLANG_WARN_BLOCK_CAPTURE_AUTORELEASING = YES;
				CLANG_WARN_BOOL_CONVERSION = YES;
				CLANG_WARN_COMMA = YES;
				CLANG_WARN_CONSTANT_CONVERSION = YES;
				CLANG_WARN_DEPRECATED_OBJC_IMPLEMENTATIONS = YES;
				CLANG_WARN_DIRECT_OBJC_ISA_USAGE = YES_ERROR;
				CLANG_WARN_DOCUMENTATION_COMMENTS = YES;
				CLANG_WARN_EMPTY_BODY = YES;
				CLANG_WARN_ENUM_CONVERSION = YES;
				CLANG_WARN_INFINITE_RECURSION = YES;
				CLANG_WARN_INT_CONVERSION = YES;
				CLANG_WARN_NON_LITERAL_NULL_CONVERSION = YES;
				CLANG_WARN_OBJC_IMPLICIT_RETAIN_SELF = YES;
				CLANG_WARN_OBJC_LITERAL_CONVERSION = YES;
				CLANG_WARN_OBJC_ROOT_CLASS = YES_ERROR;
				CLANG_WARN_QUOTED_INCLUDE_IN_FRAMEWORK_HEADER = YES;
				CLANG_WARN_RANGE_LOOP_ANALYSIS = YES;
				CLANG_WARN_STRICT_PROTOTYPES = YES;
				CLANG_WARN_SUSPICIOUS_MOVE = YES;
				CLANG_WARN_UNGUARDED_AVAILABILITY = YES_AGGRESSIVE;
				CLANG_WARN_UNREACHABLE_CODE = YES;
				CLANG_WARN__DUPLICATE_METHOD_MATCH = YES;
				COPY_PHASE_STRIP = NO;
				DEBUG_INFORMATION_FORMAT = "dwarf-with-dsym";
				ENABLE_NS_ASSERTIONS = NO;
				ENABLE_STRICT_OBJC_MSGSEND = YES;
				ENABLE_USER_SCRIPT_SANDBOXING = YES;
				GCC_C_LANGUAGE_STANDARD = gnu17;
				GCC_NO_COMMON_BLOCKS = YES;
				GCC_WARN_64_TO_32_BIT_CONVERSION = YES;
				GCC_WARN_ABOUT_RETURN_TYPE = YES_ERROR;
				GCC_WARN_UNDECLARED_SELECTOR = YES;
				GCC_WARN_UNINITIALIZED_AUTOS = YES_AGGRESSIVE;
				GCC_WARN_UNUSED_FUNCTION = YES;
				GCC_WARN_UNUSED_VARIABLE = YES;
				LOCALIZATION_PREFERS_STRING_CATALOGS = YES;
				MTL_ENABLE_DEBUG_INFO = NO;
				MTL_FAST_MATH = YES;
				SWIFT_COMPILATION_MODE = wholemodule;
			};
			name = Release;
		};
		5ACC5DD72C0226A9008530EF /* Debug */ = {
			isa = XCBuildConfiguration;
			buildSettings = {
				ASSETCATALOG_COMPILER_APPICON_NAME = AppIcon;
				ASSETCATALOG_COMPILER_GLOBAL_ACCENT_COLOR_NAME = AccentColor;
				CODE_SIGN_ENTITLEMENTS = "Apple-frameworks/Apple_frameworks.entitlements";
				CODE_SIGN_STYLE = Automatic;
				CURRENT_PROJECT_VERSION = 1;
				DEVELOPMENT_ASSET_PATHS = "\"Apple-frameworks/Preview Content\"";
				ENABLE_PREVIEWS = YES;
				GENERATE_INFOPLIST_FILE = YES;
				"INFOPLIST_KEY_UIApplicationSceneManifest_Generation[sdk=iphoneos*]" = YES;
				"INFOPLIST_KEY_UIApplicationSceneManifest_Generation[sdk=iphonesimulator*]" = YES;
				"INFOPLIST_KEY_UIApplicationSupportsIndirectInputEvents[sdk=iphoneos*]" = YES;
				"INFOPLIST_KEY_UIApplicationSupportsIndirectInputEvents[sdk=iphonesimulator*]" = YES;
				"INFOPLIST_KEY_UILaunchScreen_Generation[sdk=iphoneos*]" = YES;
				"INFOPLIST_KEY_UILaunchScreen_Generation[sdk=iphonesimulator*]" = YES;
				"INFOPLIST_KEY_UIStatusBarStyle[sdk=iphoneos*]" = UIStatusBarStyleDefault;
				"INFOPLIST_KEY_UIStatusBarStyle[sdk=iphonesimulator*]" = UIStatusBarStyleDefault;
				INFOPLIST_KEY_UISupportedInterfaceOrientations_iPad = "UIInterfaceOrientationPortrait UIInterfaceOrientationPortraitUpsideDown UIInterfaceOrientationLandscapeLeft UIInterfaceOrientationLandscapeRight";
				INFOPLIST_KEY_UISupportedInterfaceOrientations_iPhone = "UIInterfaceOrientationPortrait UIInterfaceOrientationLandscapeLeft UIInterfaceOrientationLandscapeRight";
				IPHONEOS_DEPLOYMENT_TARGET = 17.5;
				LD_RUNPATH_SEARCH_PATHS = "@executable_path/Frameworks";
				"LD_RUNPATH_SEARCH_PATHS[sdk=macosx*]" = "@executable_path/../Frameworks";
				MACOSX_DEPLOYMENT_TARGET = 14.3;
				MARKETING_VERSION = 1.0;
				PRODUCT_BUNDLE_IDENTIFIER = "andersonbyu.Apple-frameworks";
				PRODUCT_NAME = "$(TARGET_NAME)";
				SDKROOT = auto;
				SUPPORTED_PLATFORMS = "iphoneos iphonesimulator macosx";
				SWIFT_EMIT_LOC_STRINGS = YES;
				SWIFT_VERSION = 5.0;
				TARGETED_DEVICE_FAMILY = "1,2";
			};
			name = Debug;
		};
		5ACC5DD82C0226A9008530EF /* Release */ = {
			isa = XCBuildConfiguration;
			buildSettings = {
				ASSETCATALOG_COMPILER_APPICON_NAME = AppIcon;
				ASSETCATALOG_COMPILER_GLOBAL_ACCENT_COLOR_NAME = AccentColor;
				CODE_SIGN_ENTITLEMENTS = "Apple-frameworks/Apple_frameworks.entitlements";
				CODE_SIGN_STYLE = Automatic;
				CURRENT_PROJECT_VERSION = 1;
				DEVELOPMENT_ASSET_PATHS = "\"Apple-frameworks/Preview Content\"";
				ENABLE_PREVIEWS = YES;
				GENERATE_INFOPLIST_FILE = YES;
				"INFOPLIST_KEY_UIApplicationSceneManifest_Generation[sdk=iphoneos*]" = YES;
				"INFOPLIST_KEY_UIApplicationSceneManifest_Generation[sdk=iphonesimulator*]" = YES;
				"INFOPLIST_KEY_UIApplicationSupportsIndirectInputEvents[sdk=iphoneos*]" = YES;
				"INFOPLIST_KEY_UIApplicationSupportsIndirectInputEvents[sdk=iphonesimulator*]" = YES;
				"INFOPLIST_KEY_UILaunchScreen_Generation[sdk=iphoneos*]" = YES;
				"INFOPLIST_KEY_UILaunchScreen_Generation[sdk=iphonesimulator*]" = YES;
				"INFOPLIST_KEY_UIStatusBarStyle[sdk=iphoneos*]" = UIStatusBarStyleDefault;
				"INFOPLIST_KEY_UIStatusBarStyle[sdk=iphonesimulator*]" = UIStatusBarStyleDefault;
				INFOPLIST_KEY_UISupportedInterfaceOrientations_iPad = "UIInterfaceOrientationPortrait UIInterfaceOrientationPortraitUpsideDown UIInterfaceOrientationLandscapeLeft UIInterfaceOrientationLandscapeRight";
				INFOPLIST_KEY_UISupportedInterfaceOrientations_iPhone = "UIInterfaceOrientationPortrait UIInterfaceOrientationLandscapeLeft UIInterfaceOrientationLandscapeRight";
				IPHONEOS_DEPLOYMENT_TARGET = 17.5;
				LD_RUNPATH_SEARCH_PATHS = "@executable_path/Frameworks";
				"LD_RUNPATH_SEARCH_PATHS[sdk=macosx*]" = "@executable_path/../Frameworks";
				MACOSX_DEPLOYMENT_TARGET = 14.3;
				MARKETING_VERSION = 1.0;
				PRODUCT_BUNDLE_IDENTIFIER = "andersonbyu.Apple-frameworks";
				PRODUCT_NAME = "$(TARGET_NAME)";
				SDKROOT = auto;
				SUPPORTED_PLATFORMS = "iphoneos iphonesimulator macosx";
				SWIFT_EMIT_LOC_STRINGS = YES;
				SWIFT_VERSION = 5.0;
				TARGETED_DEVICE_FAMILY = "1,2";
			};
			name = Release;
		};
/* End XCBuildConfiguration section */

/* Begin XCConfigurationList section */
		5ACC5DC22C0226A8008530EF /* Build configuration list for PBXProject "Apple-frameworks" */ = {
			isa = XCConfigurationList;
			buildConfigurations = (
				5ACC5DD42C0226A9008530EF /* Debug */,
				5ACC5DD52C0226A9008530EF /* Release */,
			);
			defaultConfigurationIsVisible = 0;
			defaultConfigurationName = Release;
		};
		5ACC5DD62C0226A9008530EF /* Build configuration list for PBXNativeTarget "Apple-frameworks" */ = {
			isa = XCConfigurationList;
			buildConfigurations = (
				5ACC5DD72C0226A9008530EF /* Debug */,
				5ACC5DD82C0226A9008530EF /* Release */,
			);
			defaultConfigurationIsVisible = 0;
			defaultConfigurationName = Release;
		};
/* End XCConfigurationList section */
	};
	rootObject = 5ACC5DBF2C0226A8008530EF /* Project object */;
}
